# THIS IS AN AUTOGENERATED FILE. DO NOT EDIT THIS FILE DIRECTLY.
# yarn lockfile v1


bs-platform@^5.0.3:
  version "5.0.3"
  resolved "https://registry.yarnpkg.com/bs-platform/-/bs-platform-5.0.3.tgz#2b167603ef52574cb9534fabab702f6013715e6c"
  integrity sha512-GAeypBebeDGTay5kJ3v5Z3Whp1Q4zQ0hAttflVtPG3zps88xDZnVAlS3JGIIBDmJFEMyNtv5947a/IWKvWXcPw==

bsb-js@^1.1.7:
  version "1.1.7"
  resolved "https://registry.yarnpkg.com/bsb-js/-/bsb-js-1.1.7.tgz#12cc91e974f5896b3a2aa8358419d24e56f552c3"
  integrity sha512-FSR7d5Kb6KfVI5sLz9bEeD9pbA9F4Zbkk1xa6R9CJtyd+dJ7mIkxoXqv7cw7HWcuee+VpIhmjYzrplnFd/5Qgg==

bucklescript-tea@^0.11.2:
  version "0.11.2"
  resolved "https://registry.yarnpkg.com/bucklescript-tea/-/bucklescript-tea-0.11.2.tgz#04b035297092043e946349d6df99aa457673a5b5"
  integrity sha512-WMHObJtEjBDONYo+QieR1bjJsiRAVhPLGwovDNE44OlIDCNTrt20M7+MVnPstdOKtOgGZYemWQwjb4IWPpSj1A==
